// !$*UTF8*$!
{
	archiveVersion = 1;
	classes = {
	};
	objectVersion = 46;
	objects = {

/* Begin PBXBuildFile section */
		3E9337A21890C2F000A0AFC0 /* Foundation.framework in Frameworks */ = {isa = PBXBuildFile; fileRef = 3E9337A11890C2F000A0AFC0 /* Foundation.framework */; };
		3E9337A41890C2F000A0AFC0 /* CoreGraphics.framework in Frameworks */ = {isa = PBXBuildFile; fileRef = 3E9337A31890C2F000A0AFC0 /* CoreGraphics.framework */; };
		3E9337A61890C2F000A0AFC0 /* UIKit.framework in Frameworks */ = {isa = PBXBuildFile; fileRef = 3E9337A51890C2F000A0AFC0 /* UIKit.framework */; };
		3E9337AC1890C2F000A0AFC0 /* InfoPlist.strings in Resources */ = {isa = PBXBuildFile; fileRef = 3E9337AA1890C2F000A0AFC0 /* InfoPlist.strings */; };
		3E9337AE1890C2F000A0AFC0 /* main.m in Sources */ = {isa = PBXBuildFile; fileRef = 3E9337AD1890C2F000A0AFC0 /* main.m */; };
		3E9337B21890C2F000A0AFC0 /* AppDelegate.m in Sources */ = {isa = PBXBuildFile; fileRef = 3E9337B11890C2F000A0AFC0 /* AppDelegate.m */; };
		3E9337B51890C2F000A0AFC0 /* Main.storyboard in Resources */ = {isa = PBXBuildFile; fileRef = 3E9337B31890C2F000A0AFC0 /* Main.storyboard */; };
		3E9337B81890C2F000A0AFC0 /* ViewController.m in Sources */ = {isa = PBXBuildFile; fileRef = 3E9337B71890C2F000A0AFC0 /* ViewController.m */; };
		3E9337BA1890C2F000A0AFC0 /* Images.xcassets in Resources */ = {isa = PBXBuildFile; fileRef = 3E9337B91890C2F000A0AFC0 /* Images.xcassets */; };
		3E9337C11890C2F000A0AFC0 /* XCTest.framework in Frameworks */ = {isa = PBXBuildFile; fileRef = 3E9337C01890C2F000A0AFC0 /* XCTest.framework */; };
		3E9337C21890C2F000A0AFC0 /* Foundation.framework in Frameworks */ = {isa = PBXBuildFile; fileRef = 3E9337A11890C2F000A0AFC0 /* Foundation.framework */; };
		3E9337C31890C2F000A0AFC0 /* UIKit.framework in Frameworks */ = {isa = PBXBuildFile; fileRef = 3E9337A51890C2F000A0AFC0 /* UIKit.framework */; };
		3E9337CB1890C2F000A0AFC0 /* InfoPlist.strings in Resources */ = {isa = PBXBuildFile; fileRef = 3E9337C91890C2F000A0AFC0 /* InfoPlist.strings */; };
		3E9337CD1890C2F000A0AFC0 /* TennisInObjectiveCTests.m in Sources */ = {isa = PBXBuildFile; fileRef = 3E9337CC1890C2F000A0AFC0 /* TennisInObjectiveCTests.m */; };
		BB1F9EE118A0954300C641D7 /* Competition.m in Sources */ = {isa = PBXBuildFile; fileRef = BB1F9ECA18A0954300C641D7 /* Competition.m */; };
		BB1F9EE218A0954300C641D7 /* Game.m in Sources */ = {isa = PBXBuildFile; fileRef = BB1F9ECC18A0954300C641D7 /* Game.m */; };
		BB1F9EE318A0954300C641D7 /* GameScore.m in Sources */ = {isa = PBXBuildFile; fileRef = BB1F9ECE18A0954300C641D7 /* GameScore.m */; };
		BB1F9EE418A0954300C641D7 /* Match.m in Sources */ = {isa = PBXBuildFile; fileRef = BB1F9ED018A0954300C641D7 /* Match.m */; };
		BB1F9EE518A0954300C641D7 /* MatchScore.m in Sources */ = {isa = PBXBuildFile; fileRef = BB1F9ED218A0954300C641D7 /* MatchScore.m */; };
		BB1F9EE618A0954300C641D7 /* Player.m in Sources */ = {isa = PBXBuildFile; fileRef = BB1F9ED418A0954300C641D7 /* Player.m */; };
		BB1F9EE718A0954300C641D7 /* PointScore.m in Sources */ = {isa = PBXBuildFile; fileRef = BB1F9ED618A0954300C641D7 /* PointScore.m */; };
		BB1F9EE818A0954300C641D7 /* Score.m in Sources */ = {isa = PBXBuildFile; fileRef = BB1F9ED818A0954300C641D7 /* Score.m */; };
		BB1F9EE918A0954300C641D7 /* Set.m in Sources */ = {isa = PBXBuildFile; fileRef = BB1F9EDA18A0954300C641D7 /* Set.m */; };
		BB1F9EEA18A0954300C641D7 /* SetScore.m in Sources */ = {isa = PBXBuildFile; fileRef = BB1F9EDC18A0954300C641D7 /* SetScore.m */; };
		BB1F9EEB18A0954300C641D7 /* TieBreaker.m in Sources */ = {isa = PBXBuildFile; fileRef = BB1F9EDE18A0954300C641D7 /* TieBreaker.m */; };
		BB1F9EEC18A0954300C641D7 /* TieBreakerScore.m in Sources */ = {isa = PBXBuildFile; fileRef = BB1F9EE018A0954300C641D7 /* TieBreakerScore.m */; };
/* End PBXBuildFile section */

/* Begin PBXContainerItemProxy section */
		3E9337C41890C2F000A0AFC0 /* PBXContainerItemProxy */ = {
			isa = PBXContainerItemProxy;
			containerPortal = 3E9337961890C2F000A0AFC0 /* Project object */;
			proxyType = 1;
			remoteGlobalIDString = 3E93379D1890C2F000A0AFC0;
			remoteInfo = TennisInObjectiveC;
		};
/* End PBXContainerItemProxy section */

/* Begin PBXFileReference section */
		3E93379E1890C2F000A0AFC0 /* TennisInObjectiveC.app */ = {isa = PBXFileReference; explicitFileType = wrapper.application; includeInIndex = 0; path = TennisInObjectiveC.app; sourceTree = BUILT_PRODUCTS_DIR; };
		3E9337A11890C2F000A0AFC0 /* Foundation.framework */ = {isa = PBXFileReference; lastKnownFileType = wrapper.framework; name = Foundation.framework; path = System/Library/Frameworks/Foundation.framework; sourceTree = SDKROOT; };
		3E9337A31890C2F000A0AFC0 /* CoreGraphics.framework */ = {isa = PBXFileReference; lastKnownFileType = wrapper.framework; name = CoreGraphics.framework; path = System/Library/Frameworks/CoreGraphics.framework; sourceTree = SDKROOT; };
		3E9337A51890C2F000A0AFC0 /* UIKit.framework */ = {isa = PBXFileReference; lastKnownFileType = wrapper.framework; name = UIKit.framework; path = System/Library/Frameworks/UIKit.framework; sourceTree = SDKROOT; };
		3E9337A91890C2F000A0AFC0 /* TennisInObjectiveC-Info.plist */ = {isa = PBXFileReference; lastKnownFileType = text.plist.xml; path = "TennisInObjectiveC-Info.plist"; sourceTree = "<group>"; };
		3E9337AB1890C2F000A0AFC0 /* en */ = {isa = PBXFileReference; lastKnownFileType = text.plist.strings; name = en; path = en.lproj/InfoPlist.strings; sourceTree = "<group>"; };
		3E9337AD1890C2F000A0AFC0 /* main.m */ = {isa = PBXFileReference; lastKnownFileType = sourcecode.c.objc; path = main.m; sourceTree = "<group>"; };
		3E9337AF1890C2F000A0AFC0 /* TennisInObjectiveC-Prefix.pch */ = {isa = PBXFileReference; lastKnownFileType = sourcecode.c.h; path = "TennisInObjectiveC-Prefix.pch"; sourceTree = "<group>"; };
		3E9337B01890C2F000A0AFC0 /* AppDelegate.h */ = {isa = PBXFileReference; lastKnownFileType = sourcecode.c.h; path = AppDelegate.h; sourceTree = "<group>"; };
		3E9337B11890C2F000A0AFC0 /* AppDelegate.m */ = {isa = PBXFileReference; lastKnownFileType = sourcecode.c.objc; path = AppDelegate.m; sourceTree = "<group>"; };
		3E9337B41890C2F000A0AFC0 /* Base */ = {isa = PBXFileReference; lastKnownFileType = file.storyboard; name = Base; path = Base.lproj/Main.storyboard; sourceTree = "<group>"; };
		3E9337B61890C2F000A0AFC0 /* ViewController.h */ = {isa = PBXFileReference; lastKnownFileType = sourcecode.c.h; path = ViewController.h; sourceTree = "<group>"; };
		3E9337B71890C2F000A0AFC0 /* ViewController.m */ = {isa = PBXFileReference; lastKnownFileType = sourcecode.c.objc; path = ViewController.m; sourceTree = "<group>"; };
		3E9337B91890C2F000A0AFC0 /* Images.xcassets */ = {isa = PBXFileReference; lastKnownFileType = folder.assetcatalog; path = Images.xcassets; sourceTree = "<group>"; };
		3E9337BF1890C2F000A0AFC0 /* TennisInObjectiveCTests.xctest */ = {isa = PBXFileReference; explicitFileType = wrapper.cfbundle; includeInIndex = 0; path = TennisInObjectiveCTests.xctest; sourceTree = BUILT_PRODUCTS_DIR; };
		3E9337C01890C2F000A0AFC0 /* XCTest.framework */ = {isa = PBXFileReference; lastKnownFileType = wrapper.framework; name = XCTest.framework; path = Library/Frameworks/XCTest.framework; sourceTree = DEVELOPER_DIR; };
		3E9337C81890C2F000A0AFC0 /* TennisInObjectiveCTests-Info.plist */ = {isa = PBXFileReference; lastKnownFileType = text.plist.xml; path = "TennisInObjectiveCTests-Info.plist"; sourceTree = "<group>"; };
		3E9337CA1890C2F000A0AFC0 /* en */ = {isa = PBXFileReference; lastKnownFileType = text.plist.strings; name = en; path = en.lproj/InfoPlist.strings; sourceTree = "<group>"; };
		3E9337CC1890C2F000A0AFC0 /* TennisInObjectiveCTests.m */ = {isa = PBXFileReference; lastKnownFileType = sourcecode.c.objc; path = TennisInObjectiveCTests.m; sourceTree = "<group>"; };
		BB1F9EC918A0954300C641D7 /* Competition.h */ = {isa = PBXFileReference; fileEncoding = 4; lastKnownFileType = sourcecode.c.h; name = Competition.h; path = "../../Felly_Tennis_Objective-C/TennisInObjectiveC/Competition.h"; sourceTree = "<group>"; };
		BB1F9ECA18A0954300C641D7 /* Competition.m */ = {isa = PBXFileReference; fileEncoding = 4; lastKnownFileType = sourcecode.c.objc; name = Competition.m; path = "../../Felly_Tennis_Objective-C/TennisInObjectiveC/Competition.m"; sourceTree = "<group>"; };
		BB1F9ECB18A0954300C641D7 /* Game.h */ = {isa = PBXFileReference; fileEncoding = 4; lastKnownFileType = sourcecode.c.h; name = Game.h; path = "../../Felly_Tennis_Objective-C/TennisInObjectiveC/Game.h"; sourceTree = "<group>"; };
		BB1F9ECC18A0954300C641D7 /* Game.m */ = {isa = PBXFileReference; fileEncoding = 4; lastKnownFileType = sourcecode.c.objc; name = Game.m; path = "../../Felly_Tennis_Objective-C/TennisInObjectiveC/Game.m"; sourceTree = "<group>"; };
		BB1F9ECD18A0954300C641D7 /* GameScore.h */ = {isa = PBXFileReference; fileEncoding = 4; lastKnownFileType = sourcecode.c.h; name = GameScore.h; path = "../../Felly_Tennis_Objective-C/TennisInObjectiveC/GameScore.h"; sourceTree = "<group>"; };
		BB1F9ECE18A0954300C641D7 /* GameScore.m */ = {isa = PBXFileReference; fileEncoding = 4; lastKnownFileType = sourcecode.c.objc; name = GameScore.m; path = "../../Felly_Tennis_Objective-C/TennisInObjectiveC/GameScore.m"; sourceTree = "<group>"; };
		BB1F9ECF18A0954300C641D7 /* Match.h */ = {isa = PBXFileReference; fileEncoding = 4; lastKnownFileType = sourcecode.c.h; name = Match.h; path = "../../Felly_Tennis_Objective-C/TennisInObjectiveC/Match.h"; sourceTree = "<group>"; };
		BB1F9ED018A0954300C641D7 /* Match.m */ = {isa = PBXFileReference; fileEncoding = 4; lastKnownFileType = sourcecode.c.objc; name = Match.m; path = "../../Felly_Tennis_Objective-C/TennisInObjectiveC/Match.m"; sourceTree = "<group>"; };
		BB1F9ED118A0954300C641D7 /* MatchScore.h */ = {isa = PBXFileReference; fileEncoding = 4; lastKnownFileType = sourcecode.c.h; name = MatchScore.h; path = "../../Felly_Tennis_Objective-C/TennisInObjectiveC/MatchScore.h"; sourceTree = "<group>"; };
		BB1F9ED218A0954300C641D7 /* MatchScore.m */ = {isa = PBXFileReference; fileEncoding = 4; lastKnownFileType = sourcecode.c.objc; name = MatchScore.m; path = "../../Felly_Tennis_Objective-C/TennisInObjectiveC/MatchScore.m"; sourceTree = "<group>"; };
		BB1F9ED318A0954300C641D7 /* Player.h */ = {isa = PBXFileReference; fileEncoding = 4; lastKnownFileType = sourcecode.c.h; name = Player.h; path = "../../Felly_Tennis_Objective-C/TennisInObjectiveC/Player.h"; sourceTree = "<group>"; };
		BB1F9ED418A0954300C641D7 /* Player.m */ = {isa = PBXFileReference; fileEncoding = 4; lastKnownFileType = sourcecode.c.objc; name = Player.m; path = "../../Felly_Tennis_Objective-C/TennisInObjectiveC/Player.m"; sourceTree = "<group>"; };
		BB1F9ED518A0954300C641D7 /* PointScore.h */ = {isa = PBXFileReference; fileEncoding = 4; lastKnownFileType = sourcecode.c.h; name = PointScore.h; path = "../../Felly_Tennis_Objective-C/TennisInObjectiveC/PointScore.h"; sourceTree = "<group>"; };
		BB1F9ED618A0954300C641D7 /* PointScore.m */ = {isa = PBXFileReference; fileEncoding = 4; lastKnownFileType = sourcecode.c.objc; name = PointScore.m; path = "../../Felly_Tennis_Objective-C/TennisInObjectiveC/PointScore.m"; sourceTree = "<group>"; };
		BB1F9ED718A0954300C641D7 /* Score.h */ = {isa = PBXFileReference; fileEncoding = 4; lastKnownFileType = sourcecode.c.h; name = Score.h; path = "../../Felly_Tennis_Objective-C/TennisInObjectiveC/Score.h"; sourceTree = "<group>"; };
		BB1F9ED818A0954300C641D7 /* Score.m */ = {isa = PBXFileReference; fileEncoding = 4; lastKnownFileType = sourcecode.c.objc; name = Score.m; path = "../../Felly_Tennis_Objective-C/TennisInObjectiveC/Score.m"; sourceTree = "<group>"; };
		BB1F9ED918A0954300C641D7 /* Set.h */ = {isa = PBXFileReference; fileEncoding = 4; lastKnownFileType = sourcecode.c.h; name = Set.h; path = "../../Felly_Tennis_Objective-C/TennisInObjectiveC/Set.h"; sourceTree = "<group>"; };
		BB1F9EDA18A0954300C641D7 /* Set.m */ = {isa = PBXFileReference; fileEncoding = 4; lastKnownFileType = sourcecode.c.objc; name = Set.m; path = "../../Felly_Tennis_Objective-C/TennisInObjectiveC/Set.m"; sourceTree = "<group>"; };
		BB1F9EDB18A0954300C641D7 /* SetScore.h */ = {isa = PBXFileReference; fileEncoding = 4; lastKnownFileType = sourcecode.c.h; name = SetScore.h; path = "../../Felly_Tennis_Objective-C/TennisInObjectiveC/SetScore.h"; sourceTree = "<group>"; };
		BB1F9EDC18A0954300C641D7 /* SetScore.m */ = {isa = PBXFileReference; fileEncoding = 4; lastKnownFileType = sourcecode.c.objc; name = SetScore.m; path = "../../Felly_Tennis_Objective-C/TennisInObjectiveC/SetScore.m"; sourceTree = "<group>"; };
		BB1F9EDD18A0954300C641D7 /* TieBreaker.h */ = {isa = PBXFileReference; fileEncoding = 4; lastKnownFileType = sourcecode.c.h; name = TieBreaker.h; path = "../../Felly_Tennis_Objective-C/TennisInObjectiveC/TieBreaker.h"; sourceTree = "<group>"; };
		BB1F9EDE18A0954300C641D7 /* TieBreaker.m */ = {isa = PBXFileReference; fileEncoding = 4; lastKnownFileType = sourcecode.c.objc; name = TieBreaker.m; path = "../../Felly_Tennis_Objective-C/TennisInObjectiveC/TieBreaker.m"; sourceTree = "<group>"; };
		BB1F9EDF18A0954300C641D7 /* TieBreakerScore.h */ = {isa = PBXFileReference; fileEncoding = 4; lastKnownFileType = sourcecode.c.h; name = TieBreakerScore.h; path = "../../Felly_Tennis_Objective-C/TennisInObjectiveC/TieBreakerScore.h"; sourceTree = "<group>"; };
		BB1F9EE018A0954300C641D7 /* TieBreakerScore.m */ = {isa = PBXFileReference; fileEncoding = 4; lastKnownFileType = sourcecode.c.objc; name = TieBreakerScore.m; path = "../../Felly_Tennis_Objective-C/TennisInObjectiveC/TieBreakerScore.m"; sourceTree = "<group>"; };
/* End PBXFileReference section */

/* Begin PBXFrameworksBuildPhase section */
		3E93379B1890C2F000A0AFC0 /* Frameworks */ = {
			isa = PBXFrameworksBuildPhase;
			buildActionMask = 2147483647;
			files = (
				3E9337A41890C2F000A0AFC0 /* CoreGraphics.framework in Frameworks */,
				3E9337A61890C2F000A0AFC0 /* UIKit.framework in Frameworks */,
				3E9337A21890C2F000A0AFC0 /* Foundation.framework in Frameworks */,
			);
			runOnlyForDeploymentPostprocessing = 0;
		};
		3E9337BC1890C2F000A0AFC0 /* Frameworks */ = {
			isa = PBXFrameworksBuildPhase;
			buildActionMask = 2147483647;
			files = (
				3E9337C11890C2F000A0AFC0 /* XCTest.framework in Frameworks */,
				3E9337C31890C2F000A0AFC0 /* UIKit.framework in Frameworks */,
				3E9337C21890C2F000A0AFC0 /* Foundation.framework in Frameworks */,
			);
			runOnlyForDeploymentPostprocessing = 0;
		};
/* End PBXFrameworksBuildPhase section */

/* Begin PBXGroup section */
		3E9337951890C2F000A0AFC0 = {
			isa = PBXGroup;
			children = (
				3E9337A71890C2F000A0AFC0 /* TennisInObjectiveC */,
				3E9337C61890C2F000A0AFC0 /* TennisInObjectiveCTests */,
				3E9337A01890C2F000A0AFC0 /* Frameworks */,
				3E93379F1890C2F000A0AFC0 /* Products */,
			);
			sourceTree = "<group>";
		};
		3E93379F1890C2F000A0AFC0 /* Products */ = {
			isa = PBXGroup;
			children = (
				3E93379E1890C2F000A0AFC0 /* TennisInObjectiveC.app */,
				3E9337BF1890C2F000A0AFC0 /* TennisInObjectiveCTests.xctest */,
			);
			name = Products;
			sourceTree = "<group>";
		};
		3E9337A01890C2F000A0AFC0 /* Frameworks */ = {
			isa = PBXGroup;
			children = (
				3E9337A11890C2F000A0AFC0 /* Foundation.framework */,
				3E9337A31890C2F000A0AFC0 /* CoreGraphics.framework */,
				3E9337A51890C2F000A0AFC0 /* UIKit.framework */,
				3E9337C01890C2F000A0AFC0 /* XCTest.framework */,
			);
			name = Frameworks;
			sourceTree = "<group>";
		};
		3E9337A71890C2F000A0AFC0 /* TennisInObjectiveC */ = {
			isa = PBXGroup;
			children = (
				3E9337D91890C33A00A0AFC0 /* Tennis Files */,
				3E9337B01890C2F000A0AFC0 /* AppDelegate.h */,
				3E9337B11890C2F000A0AFC0 /* AppDelegate.m */,
				3E9337B31890C2F000A0AFC0 /* Main.storyboard */,
				3E9337B61890C2F000A0AFC0 /* ViewController.h */,
				3E9337B71890C2F000A0AFC0 /* ViewController.m */,
				3E9337B91890C2F000A0AFC0 /* Images.xcassets */,
				3E9337A81890C2F000A0AFC0 /* Supporting Files */,
			);
			path = TennisInObjectiveC;
			sourceTree = "<group>";
		};
		3E9337A81890C2F000A0AFC0 /* Supporting Files */ = {
			isa = PBXGroup;
			children = (
				3E9337A91890C2F000A0AFC0 /* TennisInObjectiveC-Info.plist */,
				3E9337AA1890C2F000A0AFC0 /* InfoPlist.strings */,
				3E9337AD1890C2F000A0AFC0 /* main.m */,
				3E9337AF1890C2F000A0AFC0 /* TennisInObjectiveC-Prefix.pch */,
			);
			name = "Supporting Files";
			sourceTree = "<group>";
		};
		3E9337C61890C2F000A0AFC0 /* TennisInObjectiveCTests */ = {
			isa = PBXGroup;
			children = (
				3E9337CC1890C2F000A0AFC0 /* TennisInObjectiveCTests.m */,
				3E9337C71890C2F000A0AFC0 /* Supporting Files */,
			);
			path = TennisInObjectiveCTests;
			sourceTree = "<group>";
		};
		3E9337C71890C2F000A0AFC0 /* Supporting Files */ = {
			isa = PBXGroup;
			children = (
				3E9337C81890C2F000A0AFC0 /* TennisInObjectiveCTests-Info.plist */,
				3E9337C91890C2F000A0AFC0 /* InfoPlist.strings */,
			);
			name = "Supporting Files";
			sourceTree = "<group>";
		};
		3E9337D91890C33A00A0AFC0 /* Tennis Files */ = {
			isa = PBXGroup;
			children = (
				BB1F9EC918A0954300C641D7 /* Competition.h */,
				BB1F9ECA18A0954300C641D7 /* Competition.m */,
				BB1F9ECB18A0954300C641D7 /* Game.h */,
				BB1F9ECC18A0954300C641D7 /* Game.m */,
				BB1F9ECD18A0954300C641D7 /* GameScore.h */,
				BB1F9ECE18A0954300C641D7 /* GameScore.m */,
				BB1F9ECF18A0954300C641D7 /* Match.h */,
				BB1F9ED018A0954300C641D7 /* Match.m */,
				BB1F9ED118A0954300C641D7 /* MatchScore.h */,
				BB1F9ED218A0954300C641D7 /* MatchScore.m */,
				BB1F9ED318A0954300C641D7 /* Player.h */,
				BB1F9ED418A0954300C641D7 /* Player.m */,
				BB1F9ED518A0954300C641D7 /* PointScore.h */,
				BB1F9ED618A0954300C641D7 /* PointScore.m */,
				BB1F9ED718A0954300C641D7 /* Score.h */,
				BB1F9ED818A0954300C641D7 /* Score.m */,
				BB1F9ED918A0954300C641D7 /* Set.h */,
				BB1F9EDA18A0954300C641D7 /* Set.m */,
				BB1F9EDB18A0954300C641D7 /* SetScore.h */,
				BB1F9EDC18A0954300C641D7 /* SetScore.m */,
				BB1F9EDD18A0954300C641D7 /* TieBreaker.h */,
				BB1F9EDE18A0954300C641D7 /* TieBreaker.m */,
				BB1F9EDF18A0954300C641D7 /* TieBreakerScore.h */,
				BB1F9EE018A0954300C641D7 /* TieBreakerScore.m */,
			);
			name = "Tennis Files";
			sourceTree = "<group>";
		};
/* End PBXGroup section */

/* Begin PBXNativeTarget section */
		3E93379D1890C2F000A0AFC0 /* TennisInObjectiveC */ = {
			isa = PBXNativeTarget;
			buildConfigurationList = 3E9337D01890C2F000A0AFC0 /* Build configuration list for PBXNativeTarget "TennisInObjectiveC" */;
			buildPhases = (
				3E93379A1890C2F000A0AFC0 /* Sources */,
				3E93379B1890C2F000A0AFC0 /* Frameworks */,
				3E93379C1890C2F000A0AFC0 /* Resources */,
			);
			buildRules = (
			);
			dependencies = (
			);
			name = TennisInObjectiveC;
			productName = TennisInObjectiveC;
			productReference = 3E93379E1890C2F000A0AFC0 /* TennisInObjectiveC.app */;
			productType = "com.apple.product-type.application";
		};
		3E9337BE1890C2F000A0AFC0 /* TennisInObjectiveCTests */ = {
			isa = PBXNativeTarget;
			buildConfigurationList = 3E9337D31890C2F000A0AFC0 /* Build configuration list for PBXNativeTarget "TennisInObjectiveCTests" */;
			buildPhases = (
				3E9337BB1890C2F000A0AFC0 /* Sources */,
				3E9337BC1890C2F000A0AFC0 /* Frameworks */,
				3E9337BD1890C2F000A0AFC0 /* Resources */,
			);
			buildRules = (
			);
			dependencies = (
				3E9337C51890C2F000A0AFC0 /* PBXTargetDependency */,
			);
			name = TennisInObjectiveCTests;
			productName = TennisInObjectiveCTests;
			productReference = 3E9337BF1890C2F000A0AFC0 /* TennisInObjectiveCTests.xctest */;
			productType = "com.apple.product-type.bundle.unit-test";
		};
/* End PBXNativeTarget section */

/* Begin PBXProject section */
		3E9337961890C2F000A0AFC0 /* Project object */ = {
			isa = PBXProject;
			attributes = {
				LastUpgradeCheck = 0500;
				ORGANIZATIONNAME = "Ali Kooshesh";
				TargetAttributes = {
					3E9337BE1890C2F000A0AFC0 = {
						TestTargetID = 3E93379D1890C2F000A0AFC0;
					};
				};
			};
			buildConfigurationList = 3E9337991890C2F000A0AFC0 /* Build configuration list for PBXProject "TennisInObjectiveC" */;
			compatibilityVersion = "Xcode 3.2";
			developmentRegion = English;
			hasScannedForEncodings = 0;
			knownRegions = (
				en,
				Base,
			);
			mainGroup = 3E9337951890C2F000A0AFC0;
			productRefGroup = 3E93379F1890C2F000A0AFC0 /* Products */;
			projectDirPath = "";
			projectRoot = "";
			targets = (
				3E93379D1890C2F000A0AFC0 /* TennisInObjectiveC */,
				3E9337BE1890C2F000A0AFC0 /* TennisInObjectiveCTests */,
			);
		};
/* End PBXProject section */

/* Begin PBXResourcesBuildPhase section */
		3E93379C1890C2F000A0AFC0 /* Resources */ = {
			isa = PBXResourcesBuildPhase;
			buildActionMask = 2147483647;
			files = (
				3E9337BA1890C2F000A0AFC0 /* Images.xcassets in Resources */,
				3E9337AC1890C2F000A0AFC0 /* InfoPlist.strings in Resources */,
				3E9337B51890C2F000A0AFC0 /* Main.storyboard in Resources */,
			);
			runOnlyForDeploymentPostprocessing = 0;
		};
		3E9337BD1890C2F000A0AFC0 /* Resources */ = {
			isa = PBXResourcesBuildPhase;
			buildActionMask = 2147483647;
			files = (
				3E9337CB1890C2F000A0AFC0 /* InfoPlist.strings in Resources */,
			);
			runOnlyForDeploymentPostprocessing = 0;
		};
/* End PBXResourcesBuildPhase section */

/* Begin PBXSourcesBuildPhase section */
		3E93379A1890C2F000A0AFC0 /* Sources */ = {
			isa = PBXSourcesBuildPhase;
			buildActionMask = 2147483647;
			files = (
				BB1F9EE918A0954300C641D7 /* Set.m in Sources */,
				BB1F9EE518A0954300C641D7 /* MatchScore.m in Sources */,
				BB1F9EE218A0954300C641D7 /* Game.m in Sources */,
				3E9337B81890C2F000A0AFC0 /* ViewController.m in Sources */,
				BB1F9EEC18A0954300C641D7 /* TieBreakerScore.m in Sources */,
				BB1F9EEA18A0954300C641D7 /* SetScore.m in Sources */,
				BB1F9EE718A0954300C641D7 /* PointScore.m in Sources */,
				BB1F9EE818A0954300C641D7 /* Score.m in Sources */,
				BB1F9EE418A0954300C641D7 /* Match.m in Sources */,
				3E9337B21890C2F000A0AFC0 /* AppDelegate.m in Sources */,
				3E9337AE1890C2F000A0AFC0 /* main.m in Sources */,
				BB1F9EE318A0954300C641D7 /* GameScore.m in Sources */,
				BB1F9EEB18A0954300C641D7 /* TieBreaker.m in Sources */,
				BB1F9EE618A0954300C641D7 /* Player.m in Sources */,
				BB1F9EE118A0954300C641D7 /* Competition.m in Sources */,
			);
			runOnlyForDeploymentPostprocessing = 0;
		};
		3E9337BB1890C2F000A0AFC0 /* Sources */ = {
			isa = PBXSourcesBuildPhase;
			buildActionMask = 2147483647;
			files = (
				3E9337CD1890C2F000A0AFC0 /* TennisInObjectiveCTests.m in Sources */,
			);
			runOnlyForDeploymentPostprocessing = 0;
		};
/* End PBXSourcesBuildPhase section */

/* Begin PBXTargetDependency section */
		3E9337C51890C2F000A0AFC0 /* PBXTargetDependency */ = {
			isa = PBXTargetDependency;
			target = 3E93379D1890C2F000A0AFC0 /* TennisInObjectiveC */;
			targetProxy = 3E9337C41890C2F000A0AFC0 /* PBXContainerItemProxy */;
		};
/* End PBXTargetDependency section */

/* Begin PBXVariantGroup section */
		3E9337AA1890C2F000A0AFC0 /* InfoPlist.strings */ = {
			isa = PBXVariantGroup;
			children = (
				3E9337AB1890C2F000A0AFC0 /* en */,
			);
			name = InfoPlist.strings;
			sourceTree = "<group>";
		};
		3E9337B31890C2F000A0AFC0 /* Main.storyboard */ = {
			isa = PBXVariantGroup;
			children = (
				3E9337B41890C2F000A0AFC0 /* Base */,
			);
			name = Main.storyboard;
			sourceTree = "<group>";
		};
		3E9337C91890C2F000A0AFC0 /* InfoPlist.strings */ = {
			isa = PBXVariantGroup;
			children = (
				3E9337CA1890C2F000A0AFC0 /* en */,
			);
			name = InfoPlist.strings;
			sourceTree = "<group>";
		};
/* End PBXVariantGroup section */

/* Begin XCBuildConfiguration section */
		3E9337CE1890C2F000A0AFC0 /* Debug */ = {
			isa = XCBuildConfiguration;
			buildSettings = {
				ALWAYS_SEARCH_USER_PATHS = NO;
				ARCHS = "$(ARCHS_STANDARD_INCLUDING_64_BIT)";
				CLANG_CXX_LANGUAGE_STANDARD = "gnu++0x";
				CLANG_CXX_LIBRARY = "libc++";
				CLANG_ENABLE_MODULES = YES;
				CLANG_ENABLE_OBJC_ARC = YES;
				CLANG_WARN_BOOL_CONVERSION = YES;
				CLANG_WARN_CONSTANT_CONVERSION = YES;
				CLANG_WARN_DIRECT_OBJC_ISA_USAGE = YES_ERROR;
				CLANG_WARN_EMPTY_BODY = YES;
				CLANG_WARN_ENUM_CONVERSION = YES;
				CLANG_WARN_INT_CONVERSION = YES;
				CLANG_WARN_OBJC_ROOT_CLASS = YES_ERROR;
				CLANG_WARN__DUPLICATE_METHOD_MATCH = YES;
				"CODE_SIGN_IDENTITY[sdk=iphoneos*]" = "iPhone Developer";
				COPY_PHASE_STRIP = NO;
				GCC_C_LANGUAGE_STANDARD = gnu99;
				GCC_DYNAMIC_NO_PIC = NO;
				GCC_OPTIMIZATION_LEVEL = 0;
				GCC_PREPROCESSOR_DEFINITIONS = (
					"DEBUG=1",
					"$(inherited)",
				);
				GCC_SYMBOLS_PRIVATE_EXTERN = NO;
				GCC_WARN_64_TO_32_BIT_CONVERSION = YES;
				GCC_WARN_ABOUT_RETURN_TYPE = YES_ERROR;
				GCC_WARN_UNDECLARED_SELECTOR = YES;
				GCC_WARN_UNINITIALIZED_AUTOS = YES;
				GCC_WARN_UNUSED_FUNCTION = YES;
				GCC_WARN_UNUSED_VARIABLE = YES;
				IPHONEOS_DEPLOYMENT_TARGET = 7.0;
				ONLY_ACTIVE_ARCH = YES;
				SDKROOT = iphoneos;
			};
			name = Debug;
		};
		3E9337CF1890C2F000A0AFC0 /* Release */ = {
			isa = XCBuildConfiguration;
			buildSettings = {
				ALWAYS_SEARCH_USER_PATHS = NO;
				ARCHS = "$(ARCHS_STANDARD_INCLUDING_64_BIT)";
				CLANG_CXX_LANGUAGE_STANDARD = "gnu++0x";
				CLANG_CXX_LIBRARY = "libc++";
				CLANG_ENABLE_MODULES = YES;
				CLANG_ENABLE_OBJC_ARC = YES;
				CLANG_WARN_BOOL_CONVERSION = YES;
				CLANG_WARN_CONSTANT_CONVERSION = YES;
				CLANG_WARN_DIRECT_OBJC_ISA_USAGE = YES_ERROR;
				CLANG_WARN_EMPTY_BODY = YES;
				CLANG_WARN_ENUM_CONVERSION = YES;
				CLANG_WARN_INT_CONVERSION = YES;
				CLANG_WARN_OBJC_ROOT_CLASS = YES_ERROR;
				CLANG_WARN__DUPLICATE_METHOD_MATCH = YES;
				"CODE_SIGN_IDENTITY[sdk=iphoneos*]" = "iPhone Developer";
				COPY_PHASE_STRIP = YES;
				ENABLE_NS_ASSERTIONS = NO;
				GCC_C_LANGUAGE_STANDARD = gnu99;
				GCC_WARN_64_TO_32_BIT_CONVERSION = YES;
				GCC_WARN_ABOUT_RETURN_TYPE = YES_ERROR;
				GCC_WARN_UNDECLARED_SELECTOR = YES;
				GCC_WARN_UNINITIALIZED_AUTOS = YES;
				GCC_WARN_UNUSED_FUNCTION = YES;
				GCC_WARN_UNUSED_VARIABLE = YES;
				IPHONEOS_DEPLOYMENT_TARGET = 7.0;
				SDKROOT = iphoneos;
				VALIDATE_PRODUCT = YES;
			};
			name = Release;
		};
		3E9337D11890C2F000A0AFC0 /* Debug */ = {
			isa = XCBuildConfiguration;
			buildSettings = {
				ASSETCATALOG_COMPILER_APPICON_NAME = AppIcon;
				ASSETCATALOG_COMPILER_LAUNCHIMAGE_NAME = LaunchImage;
				GCC_PRECOMPILE_PREFIX_HEADER = YES;
				GCC_PREFIX_HEADER = "TennisInObjectiveC/TennisInObjectiveC-Prefix.pch";
				INFOPLIST_FILE = "TennisInObjectiveC/TennisInObjectiveC-Info.plist";
				PRODUCT_NAME = "$(TARGET_NAME)";
				WRAPPER_EXTENSION = app;
			};
			name = Debug;
		};
		3E9337D21890C2F000A0AFC0 /* Release */ = {
			isa = XCBuildConfiguration;
			buildSettings = {
				ASSETCATALOG_COMPILER_APPICON_NAME = AppIcon;
				ASSETCATALOG_COMPILER_LAUNCHIMAGE_NAME = LaunchImage;
				GCC_PRECOMPILE_PREFIX_HEADER = YES;
				GCC_PREFIX_HEADER = "TennisInObjectiveC/TennisInObjectiveC-Prefix.pch";
				INFOPLIST_FILE = "TennisInObjectiveC/TennisInObjectiveC-Info.plist";
				PRODUCT_NAME = "$(TARGET_NAME)";
				WRAPPER_EXTENSION = app;
			};
			name = Release;
		};
		3E9337D41890C2F000A0AFC0 /* Debug */ = {
			isa = XCBuildConfiguration;
			buildSettings = {
				ARCHS = "$(ARCHS_STANDARD_INCLUDING_64_BIT)";
				BUNDLE_LOADER = "$(BUILT_PRODUCTS_DIR)/TennisInObjectiveC.app/TennisInObjectiveC";
				FRAMEWORK_SEARCH_PATHS = (
					"$(SDKROOT)/Developer/Library/Frameworks",
					"$(inherited)",
					"$(DEVELOPER_FRAMEWORKS_DIR)",
				);
				GCC_PRECOMPILE_PREFIX_HEADER = YES;
				GCC_PREFIX_HEADER = "TennisInObjectiveC/TennisInObjectiveC-Prefix.pch";
				GCC_PREPROCESSOR_DEFINITIONS = (
					"DEBUG=1",
					"$(inherited)",
				);
				INFOPLIST_FILE = "TennisInObjectiveCTests/TennisInObjectiveCTests-Info.plist";
				PRODUCT_NAME = "$(TARGET_NAME)";
				TEST_HOST = "$(BUNDLE_LOADER)";
				WRAPPER_EXTENSION = xctest;
			};
			name = Debug;
		};
		3E9337D51890C2F000A0AFC0 /* Release */ = {
			isa = XCBuildConfiguration;
			buildSettings = {
				ARCHS = "$(ARCHS_STANDARD_INCLUDING_64_BIT)";
				BUNDLE_LOADER = "$(BUILT_PRODUCTS_DIR)/TennisInObjectiveC.app/TennisInObjectiveC";
				FRAMEWORK_SEARCH_PATHS = (
					"$(SDKROOT)/Developer/Library/Frameworks",
					"$(inherited)",
					"$(DEVELOPER_FRAMEWORKS_DIR)",
				);
				GCC_PRECOMPILE_PREFIX_HEADER = YES;
				GCC_PREFIX_HEADER = "TennisInObjectiveC/TennisInObjectiveC-Prefix.pch";
				INFOPLIST_FILE = "TennisInObjectiveCTests/TennisInObjectiveCTests-Info.plist";
				PRODUCT_NAME = "$(TARGET_NAME)";
				TEST_HOST = "$(BUNDLE_LOADER)";
				WRAPPER_EXTENSION = xctest;
			};
			name = Release;
		};
/* End XCBuildConfiguration section */

/* Begin XCConfigurationList section */
		3E9337991890C2F000A0AFC0 /* Build configuration list for PBXProject "TennisInObjectiveC" */ = {
			isa = XCConfigurationList;
			buildConfigurations = (
				3E9337CE1890C2F000A0AFC0 /* Debug */,
				3E9337CF1890C2F000A0AFC0 /* Release */,
			);
			defaultConfigurationIsVisible = 0;
			defaultConfigurationName = Release;
		};
		3E9337D01890C2F000A0AFC0 /* Build configuration list for PBXNativeTarget "TennisInObjectiveC" */ = {
			isa = XCConfigurationList;
			buildConfigurations = (
				3E9337D11890C2F000A0AFC0 /* Debug */,
				3E9337D21890C2F000A0AFC0 /* Release */,
			);
			defaultConfigurationIsVisible = 0;
			defaultConfigurationName = Release;
		};
		3E9337D31890C2F000A0AFC0 /* Build configuration list for PBXNativeTarget "TennisInObjectiveCTests" */ = {
			isa = XCConfigurationList;
			buildConfigurations = (
				3E9337D41890C2F000A0AFC0 /* Debug */,
				3E9337D51890C2F000A0AFC0 /* Release */,
			);
			defaultConfigurationIsVisible = 0;
			defaultConfigurationName = Release;
		};
/* End XCConfigurationList section */
	};
	rootObject = 3E9337961890C2F000A0AFC0 /* Project object */;
}
